
Microsoft Visual Studio Solution File, Format Version 12.00
# Visual Studio Version 16
VisualStudioVersion = 16.0.31702.278
MinimumVisualStudioVersion = 10.0.40219.1
Project("{FAE04EC0-301F-11D3-BF4B-00C04F79EFBC}") = "WpfTask3", "WpfTask3\WpfTask3.csproj", "{5A7C5775-CF5F-4BED-807A-03EE73E5D920}"
EndProject
Global
	GlobalSection(SolutionConfigurationPlatforms) = preSolution
		Debug|Any CPU = Debug|Any CPU
		Release|Any CPU = Release|Any CPU
	EndGlobalSection
	GlobalSection(ProjectConfigurationPlatforms) = postSolution
		{5A7C5775-CF5F-4BED-807A-03EE73E5D920}.Debug|Any CPU.ActiveCfg = Debug|Any CPU
		{5A7C5775-CF5F-4BED-807A-03EE73E5D920}.Debug|Any CPU.Build.0 = Debug|Any CPU
		{5A7C5775-CF5F-4BED-807A-03EE73E5D920}.Release|Any CPU.ActiveCfg = Release|Any CPU
		{5A7C5775-CF5F-4BED-807A-03EE73E5D920}.Release|Any CPU.Build.0 = Release|Any CPU
	EndGlobalSection
	GlobalSection(SolutionProperties) = preSolution
		HideSolutionNode = FALSE
	EndGlobalSection
	GlobalSection(ExtensibilityGlobals) = postSolution
		SolutionGuid = {8457F643-6715-41C0-BAF1-8122F5F0FE24}
	EndGlobalSection
EndGlobal
